
Microsoft Visual Studio Solution File, Format Version 12.00
# Visual Studio Version 17
VisualStudioVersion = 17.9.34902.65
MinimumVisualStudioVersion = 10.0.40219.1
Project("{8BC9CEB8-8B4A-11D0-8D11-00A0C91BC942}") = "DragonsEngine", "Mahjong Engine\Mahjong Engine.vcxproj", "{6452C90F-43F6-4C8A-9715-7F858A7F45DE}"
	ProjectSection(ProjectDependencies) = postProject
		{EC6CD2FB-D51C-42AA-8BEA-FBC0CF570382} = {EC6CD2FB-D51C-42AA-8BEA-FBC0CF570382}
	EndProjectSection
EndProject
Project("{8BC9CEB8-8B4A-11D0-8D11-00A0C91BC942}") = "Bamboo", "Bamboo\Bamboo.vcxproj", "{18C1D87D-85FD-47FD-8A5E-028CAD85306D}"
EndProject
Project("{8BC9CEB8-8B4A-11D0-8D11-00A0C91BC942}") = "CharactersEditor", "Characters\Characters.vcxproj", "{13EF2D8F-F951-481B-9B29-C0CD734DBE7F}"
	ProjectSection(ProjectDependencies) = postProject
		{6452C90F-43F6-4C8A-9715-7F858A7F45DE} = {6452C90F-43F6-4C8A-9715-7F858A7F45DE}
		{EC6CD2FB-D51C-42AA-8BEA-FBC0CF570382} = {EC6CD2FB-D51C-42AA-8BEA-FBC0CF570382}
	EndProjectSection
EndProject
Project("{8BC9CEB8-8B4A-11D0-8D11-00A0C91BC942}") = "DotsGL", "Dots\Dots.vcxproj", "{EC6CD2FB-D51C-42AA-8BEA-FBC0CF570382}"
EndProject
Project("{8BC9CEB8-8B4A-11D0-8D11-00A0C91BC942}") = "Winds", "Winds\Winds.vcxproj", "{26332B3E-F92F-46E9-9719-33EC47BC5660}"
EndProject
Project("{8BC9CEB8-8B4A-11D0-8D11-00A0C91BC942}") = "Utility_Library", "Utility_Library\Utility_Library.vcxproj", "{A9B6C19C-3C3F-4642-934F-A90CD5BFC346}"
EndProject
Global
	GlobalSection(SolutionConfigurationPlatforms) = preSolution
		Debug|x64 = Debug|x64
		Debug|x86 = Debug|x86
		Release|x64 = Release|x64
		Release|x86 = Release|x86
	EndGlobalSection
	GlobalSection(ProjectConfigurationPlatforms) = postSolution
		{6452C90F-43F6-4C8A-9715-7F858A7F45DE}.Debug|x64.ActiveCfg = Debug|x64
		{6452C90F-43F6-4C8A-9715-7F858A7F45DE}.Debug|x64.Build.0 = Debug|x64
		{6452C90F-43F6-4C8A-9715-7F858A7F45DE}.Debug|x86.ActiveCfg = Debug|Win32
		{6452C90F-43F6-4C8A-9715-7F858A7F45DE}.Debug|x86.Build.0 = Debug|Win32
		{6452C90F-43F6-4C8A-9715-7F858A7F45DE}.Release|x64.ActiveCfg = Release|x64
		{6452C90F-43F6-4C8A-9715-7F858A7F45DE}.Release|x64.Build.0 = Release|x64
		{6452C90F-43F6-4C8A-9715-7F858A7F45DE}.Release|x86.ActiveCfg = Release|Win32
		{6452C90F-43F6-4C8A-9715-7F858A7F45DE}.Release|x86.Build.0 = Release|Win32
		{18C1D87D-85FD-47FD-8A5E-028CAD85306D}.Debug|x64.ActiveCfg = Debug|x64
		{18C1D87D-85FD-47FD-8A5E-028CAD85306D}.Debug|x64.Build.0 = Debug|x64
		{18C1D87D-85FD-47FD-8A5E-028CAD85306D}.Debug|x86.ActiveCfg = Debug|Win32
		{18C1D87D-85FD-47FD-8A5E-028CAD85306D}.Debug|x86.Build.0 = Debug|Win32
		{18C1D87D-85FD-47FD-8A5E-028CAD85306D}.Release|x64.ActiveCfg = Release|x64
		{18C1D87D-85FD-47FD-8A5E-028CAD85306D}.Release|x64.Build.0 = Release|x64
		{18C1D87D-85FD-47FD-8A5E-028CAD85306D}.Release|x86.ActiveCfg = Release|Win32
		{18C1D87D-85FD-47FD-8A5E-028CAD85306D}.Release|x86.Build.0 = Release|Win32
		{13EF2D8F-F951-481B-9B29-C0CD734DBE7F}.Debug|x64.ActiveCfg = Debug|x64
		{13EF2D8F-F951-481B-9B29-C0CD734DBE7F}.Debug|x64.Build.0 = Debug|x64
		{13EF2D8F-F951-481B-9B29-C0CD734DBE7F}.Debug|x86.ActiveCfg = Debug|Win32
		{13EF2D8F-F951-481B-9B29-C0CD734DBE7F}.Debug|x86.Build.0 = Debug|Win32
		{13EF2D8F-F951-481B-9B29-C0CD734DBE7F}.Release|x64.ActiveCfg = Release|x64
		{13EF2D8F-F951-481B-9B29-C0CD734DBE7F}.Release|x64.Build.0 = Release|x64
		{13EF2D8F-F951-481B-9B29-C0CD734DBE7F}.Release|x86.ActiveCfg = Release|Win32
		{13EF2D8F-F951-481B-9B29-C0CD734DBE7F}.Release|x86.Build.0 = Release|Win32
		{EC6CD2FB-D51C-42AA-8BEA-FBC0CF570382}.Debug|x64.ActiveCfg = Debug|x64
		{EC6CD2FB-D51C-42AA-8BEA-FBC0CF570382}.Debug|x64.Build.0 = Debug|x64
		{EC6CD2FB-D51C-42AA-8BEA-FBC0CF570382}.Debug|x86.ActiveCfg = Debug|Win32
		{EC6CD2FB-D51C-42AA-8BEA-FBC0CF570382}.Debug|x86.Build.0 = Debug|Win32
		{EC6CD2FB-D51C-42AA-8BEA-FBC0CF570382}.Release|x64.ActiveCfg = Release|x64
		{EC6CD2FB-D51C-42AA-8BEA-FBC0CF570382}.Release|x64.Build.0 = Release|x64
		{EC6CD2FB-D51C-42AA-8BEA-FBC0CF570382}.Release|x86.ActiveCfg = Release|Win32
		{EC6CD2FB-D51C-42AA-8BEA-FBC0CF570382}.Release|x86.Build.0 = Release|Win32
		{26332B3E-F92F-46E9-9719-33EC47BC5660}.Debug|x64.ActiveCfg = Debug|x64
		{26332B3E-F92F-46E9-9719-33EC47BC5660}.Debug|x64.Build.0 = Debug|x64
		{26332B3E-F92F-46E9-9719-33EC47BC5660}.Debug|x86.ActiveCfg = Debug|Win32
		{26332B3E-F92F-46E9-9719-33EC47BC5660}.Debug|x86.Build.0 = Debug|Win32
		{26332B3E-F92F-46E9-9719-33EC47BC5660}.Release|x64.ActiveCfg = Release|x64
		{26332B3E-F92F-46E9-9719-33EC47BC5660}.Release|x64.Build.0 = Release|x64
		{26332B3E-F92F-46E9-9719-33EC47BC5660}.Release|x86.ActiveCfg = Release|Win32
		{26332B3E-F92F-46E9-9719-33EC47BC5660}.Release|x86.Build.0 = Release|Win32
		{A9B6C19C-3C3F-4642-934F-A90CD5BFC346}.Debug|x64.ActiveCfg = Debug|x64
		{A9B6C19C-3C3F-4642-934F-A90CD5BFC346}.Debug|x64.Build.0 = Debug|x64
		{A9B6C19C-3C3F-4642-934F-A90CD5BFC346}.Debug|x86.ActiveCfg = Debug|Win32
		{A9B6C19C-3C3F-4642-934F-A90CD5BFC346}.Debug|x86.Build.0 = Debug|Win32
		{A9B6C19C-3C3F-4642-934F-A90CD5BFC346}.Release|x64.ActiveCfg = Release|x64
		{A9B6C19C-3C3F-4642-934F-A90CD5BFC346}.Release|x64.Build.0 = Release|x64
		{A9B6C19C-3C3F-4642-934F-A90CD5BFC346}.Release|x86.ActiveCfg = Release|Win32
		{A9B6C19C-3C3F-4642-934F-A90CD5BFC346}.Release|x86.Build.0 = Release|Win32
	EndGlobalSection
	GlobalSection(SolutionProperties) = preSolution
		HideSolutionNode = FALSE
	EndGlobalSection
	GlobalSection(ExtensibilityGlobals) = postSolution
		SolutionGuid = {B79FC603-A062-428E-A080-1C14FA30C916}
	EndGlobalSection
EndGlobal
